
Microsoft Visual Studio Solution File, Format Version 12.00
# Visual Studio 14
VisualStudioVersion = 14.0.25420.1
MinimumVisualStudioVersion = 10.0.40219.1
Project("{FAE04EC0-301F-11D3-BF4B-00C04F79EFBC}") = "Bredvid.Blog.KuduDeploy.Web", "Bredvid.Blog.KuduDeploy.Web\Bredvid.Blog.KuduDeploy.Web.csproj", "{ED46B26A-5B63-44F0-9F3E-D9AA108F0881}"
EndProject
Project("{FAE04EC0-301F-11D3-BF4B-00C04F79EFBC}") = "Bredvid.Blog.KuduDeploy.Tests", "Bredvid.Blog.KuduDeploy.Tests\Bredvid.Blog.KuduDeploy.Tests.csproj", "{FD41F9FF-29CE-4CC4-A737-21622157D0D7}"
EndProject
Global
	GlobalSection(SolutionConfigurationPlatforms) = preSolution
		Debug|Any CPU = Debug|Any CPU
		Release|Any CPU = Release|Any CPU
	EndGlobalSection
	GlobalSection(ProjectConfigurationPlatforms) = postSolution
		{ED46B26A-5B63-44F0-9F3E-D9AA108F0881}.Debug|Any CPU.ActiveCfg = Debug|Any CPU
		{ED46B26A-5B63-44F0-9F3E-D9AA108F0881}.Debug|Any CPU.Build.0 = Debug|Any CPU
		{ED46B26A-5B63-44F0-9F3E-D9AA108F0881}.Release|Any CPU.ActiveCfg = Release|Any CPU
		{ED46B26A-5B63-44F0-9F3E-D9AA108F0881}.Release|Any CPU.Build.0 = Release|Any CPU
		{FD41F9FF-29CE-4CC4-A737-21622157D0D7}.Debug|Any CPU.ActiveCfg = Debug|Any CPU
		{FD41F9FF-29CE-4CC4-A737-21622157D0D7}.Debug|Any CPU.Build.0 = Debug|Any CPU
		{FD41F9FF-29CE-4CC4-A737-21622157D0D7}.Release|Any CPU.ActiveCfg = Release|Any CPU
		{FD41F9FF-29CE-4CC4-A737-21622157D0D7}.Release|Any CPU.Build.0 = Release|Any CPU
	EndGlobalSection
	GlobalSection(SolutionProperties) = preSolution
		HideSolutionNode = FALSE
	EndGlobalSection
EndGlobal
